
Microsoft Visual Studio Solution File, Format Version 12.00
# Visual Studio Version 17
VisualStudioVersion = 17.4.33122.133
MinimumVisualStudioVersion = 10.0.40219.1
Project("{9A19103F-16F7-4668-BE54-9A1E7A4F7556}") = "RENToday", "RENToday\RENToday.csproj", "{423A9FE6-279D-4418-A6B7-244A167B840C}"
EndProject
Project("{9A19103F-16F7-4668-BE54-9A1E7A4F7556}") = "libBAUtilCoreCS", "..\..\..\..\zLibrary\BasicAware\.Core\libBAUtilCoreCS\libBAUtilCoreCS\libBAUtilCoreCS.csproj", "{23FE1D86-E23D-49E9-88F1-07B84A44E95A}"
EndProject
Global
	GlobalSection(SolutionConfigurationPlatforms) = preSolution
		Debug|Any CPU = Debug|Any CPU
		Release|Any CPU = Release|Any CPU
	EndGlobalSection
	GlobalSection(ProjectConfigurationPlatforms) = postSolution
		{423A9FE6-279D-4418-A6B7-244A167B840C}.Debug|Any CPU.ActiveCfg = Debug|Any CPU
		{423A9FE6-279D-4418-A6B7-244A167B840C}.Debug|Any CPU.Build.0 = Debug|Any CPU
		{423A9FE6-279D-4418-A6B7-244A167B840C}.Release|Any CPU.ActiveCfg = Release|Any CPU
		{423A9FE6-279D-4418-A6B7-244A167B840C}.Release|Any CPU.Build.0 = Release|Any CPU
		{23FE1D86-E23D-49E9-88F1-07B84A44E95A}.Debug|Any CPU.ActiveCfg = Debug|Any CPU
		{23FE1D86-E23D-49E9-88F1-07B84A44E95A}.Debug|Any CPU.Build.0 = Debug|Any CPU
		{23FE1D86-E23D-49E9-88F1-07B84A44E95A}.Release|Any CPU.ActiveCfg = Release|Any CPU
		{23FE1D86-E23D-49E9-88F1-07B84A44E95A}.Release|Any CPU.Build.0 = Release|Any CPU
	EndGlobalSection
	GlobalSection(SolutionProperties) = preSolution
		HideSolutionNode = FALSE
	EndGlobalSection
	GlobalSection(ExtensibilityGlobals) = postSolution
		SolutionGuid = {D1FD6D32-6F96-4500-A762-4CB38076C8F8}
	EndGlobalSection
EndGlobal
